// !$*UTF8*$!
{
	archiveVersion = 1;
	classes = {
	};
	objectVersion = 56;
	objects = {

/* Begin PBXBuildFile section */
		C9650A242B7297700067C44A /* RenameGroup01.mp3 in Resources */ = {isa = PBXBuildFile; fileRef = C9650A232B7297700067C44A /* RenameGroup01.mp3 */; };
		C9650A262B7298000067C44A /* RenameGroup02.mp3 in Resources */ = {isa = PBXBuildFile; fileRef = C9650A252B7298000067C44A /* RenameGroup02.mp3 */; };
		C983F1412B7211D8003B62CE /* Zoom_Click_3rdVersion.mp3 in Resources */ = {isa = PBXBuildFile; fileRef = C983F1402B7211D8003B62CE /* Zoom_Click_3rdVersion.mp3 */; };
		C9C6E9DB2B735C810063BB84 /* NextButton_Compressed.mp3 in Resources */ = {isa = PBXBuildFile; fileRef = C9C6E9DA2B735C810063BB84 /* NextButton_Compressed.mp3 */; };
		C9C6E9DD2B735E420063BB84 /* SelectButton_simple.mp3 in Resources */ = {isa = PBXBuildFile; fileRef = C9C6E9DC2B735E420063BB84 /* SelectButton_simple.mp3 */; };
		C9C6E9DF2B7369C20063BB84 /* Sound_SendMessage01_Compressed.mp3 in Resources */ = {isa = PBXBuildFile; fileRef = C9C6E9DE2B7369C20063BB84 /* Sound_SendMessage01_Compressed.mp3 */; };
		C9C6E9E12B7369C90063BB84 /* Sound_SendMessage03_Compressed.mp3 in Resources */ = {isa = PBXBuildFile; fileRef = C9C6E9E02B7369C90063BB84 /* Sound_SendMessage03_Compressed.mp3 */; };
		C9C6E9E52B736AB30063BB84 /* Sound_RecieveMessage01.mp3 in Resources */ = {isa = PBXBuildFile; fileRef = C9C6E9E22B736AB30063BB84 /* Sound_RecieveMessage01.mp3 */; };
		C9C6E9E62B736AB30063BB84 /* Sound_RecieveMessage03.mp3 in Resources */ = {isa = PBXBuildFile; fileRef = C9C6E9E32B736AB30063BB84 /* Sound_RecieveMessage03.mp3 */; };
		C9C6E9E72B736AB30063BB84 /* Sound_RecieveMessage02.mp3 in Resources */ = {isa = PBXBuildFile; fileRef = C9C6E9E42B736AB30063BB84 /* Sound_RecieveMessage02.mp3 */; };
		C9C6E9E92B736D4C0063BB84 /* SelectButton_simple02.mp3 in Resources */ = {isa = PBXBuildFile; fileRef = C9C6E9E82B736D4C0063BB84 /* SelectButton_simple02.mp3 */; };
		C9C6E9EB2B73B1280063BB84 /* AddToChat_Check.mp3 in Resources */ = {isa = PBXBuildFile; fileRef = C9C6E9EA2B73B1280063BB84 /* AddToChat_Check.mp3 */; };
		C9C6E9ED2B73B12F0063BB84 /* AddToChat_UnCheck.mp3 in Resources */ = {isa = PBXBuildFile; fileRef = C9C6E9EC2B73B12F0063BB84 /* AddToChat_UnCheck.mp3 */; };
		C9E62C0A2B716EF800B976E6 /* Zoom_Click_2ndVersion.mp3 in Resources */ = {isa = PBXBuildFile; fileRef = C9E62C092B716EF800B976E6 /* Zoom_Click_2ndVersion.mp3 */; };
		C9E84B892B71313C002213D3 /* AppDelegate.swift in Sources */ = {isa = PBXBuildFile; fileRef = C9E84B882B71313C002213D3 /* AppDelegate.swift */; };
		C9E84B8B2B71313C002213D3 /* SceneDelegate.swift in Sources */ = {isa = PBXBuildFile; fileRef = C9E84B8A2B71313C002213D3 /* SceneDelegate.swift */; };
		C9E84B8D2B71313C002213D3 /* ViewController.swift in Sources */ = {isa = PBXBuildFile; fileRef = C9E84B8C2B71313C002213D3 /* ViewController.swift */; };
		C9E84B902B71313C002213D3 /* Main.storyboard in Resources */ = {isa = PBXBuildFile; fileRef = C9E84B8E2B71313C002213D3 /* Main.storyboard */; };
		C9E84B922B71313D002213D3 /* Assets.xcassets in Resources */ = {isa = PBXBuildFile; fileRef = C9E84B912B71313D002213D3 /* Assets.xcassets */; };
		C9E84B952B71313D002213D3 /* LaunchScreen.storyboard in Resources */ = {isa = PBXBuildFile; fileRef = C9E84B932B71313D002213D3 /* LaunchScreen.storyboard */; };
/* End PBXBuildFile section */

/* Begin PBXFileReference section */
		C9650A232B7297700067C44A /* RenameGroup01.mp3 */ = {isa = PBXFileReference; lastKnownFileType = audio.mp3; path = RenameGroup01.mp3; sourceTree = "<group>"; };
		C9650A252B7298000067C44A /* RenameGroup02.mp3 */ = {isa = PBXFileReference; lastKnownFileType = audio.mp3; path = RenameGroup02.mp3; sourceTree = "<group>"; };
		C983F1402B7211D8003B62CE /* Zoom_Click_3rdVersion.mp3 */ = {isa = PBXFileReference; lastKnownFileType = audio.mp3; path = Zoom_Click_3rdVersion.mp3; sourceTree = "<group>"; };
		C9C6E9DA2B735C810063BB84 /* NextButton_Compressed.mp3 */ = {isa = PBXFileReference; lastKnownFileType = audio.mp3; path = NextButton_Compressed.mp3; sourceTree = "<group>"; };
		C9C6E9DC2B735E420063BB84 /* SelectButton_simple.mp3 */ = {isa = PBXFileReference; lastKnownFileType = audio.mp3; path = SelectButton_simple.mp3; sourceTree = "<group>"; };
		C9C6E9DE2B7369C20063BB84 /* Sound_SendMessage01_Compressed.mp3 */ = {isa = PBXFileReference; lastKnownFileType = audio.mp3; path = Sound_SendMessage01_Compressed.mp3; sourceTree = "<group>"; };
		C9C6E9E02B7369C90063BB84 /* Sound_SendMessage03_Compressed.mp3 */ = {isa = PBXFileReference; lastKnownFileType = audio.mp3; path = Sound_SendMessage03_Compressed.mp3; sourceTree = "<group>"; };
		C9C6E9E22B736AB30063BB84 /* Sound_RecieveMessage01.mp3 */ = {isa = PBXFileReference; lastKnownFileType = audio.mp3; path = Sound_RecieveMessage01.mp3; sourceTree = "<group>"; };
		C9C6E9E32B736AB30063BB84 /* Sound_RecieveMessage03.mp3 */ = {isa = PBXFileReference; lastKnownFileType = audio.mp3; path = Sound_RecieveMessage03.mp3; sourceTree = "<group>"; };
		C9C6E9E42B736AB30063BB84 /* Sound_RecieveMessage02.mp3 */ = {isa = PBXFileReference; lastKnownFileType = audio.mp3; path = Sound_RecieveMessage02.mp3; sourceTree = "<group>"; };
		C9C6E9E82B736D4C0063BB84 /* SelectButton_simple02.mp3 */ = {isa = PBXFileReference; lastKnownFileType = audio.mp3; path = SelectButton_simple02.mp3; sourceTree = "<group>"; };
		C9C6E9EA2B73B1280063BB84 /* AddToChat_Check.mp3 */ = {isa = PBXFileReference; lastKnownFileType = audio.mp3; path = AddToChat_Check.mp3; sourceTree = "<group>"; };
		C9C6E9EC2B73B12F0063BB84 /* AddToChat_UnCheck.mp3 */ = {isa = PBXFileReference; lastKnownFileType = audio.mp3; path = AddToChat_UnCheck.mp3; sourceTree = "<group>"; };
		C9E62C092B716EF800B976E6 /* Zoom_Click_2ndVersion.mp3 */ = {isa = PBXFileReference; lastKnownFileType = audio.mp3; path = Zoom_Click_2ndVersion.mp3; sourceTree = "<group>"; };
		C9E84B852B71313C002213D3 /* Audio_haptic_testing_app.app */ = {isa = PBXFileReference; explicitFileType = wrapper.application; includeInIndex = 0; path = Audio_haptic_testing_app.app; sourceTree = BUILT_PRODUCTS_DIR; };
		C9E84B882B71313C002213D3 /* AppDelegate.swift */ = {isa = PBXFileReference; lastKnownFileType = sourcecode.swift; path = AppDelegate.swift; sourceTree = "<group>"; };
		C9E84B8A2B71313C002213D3 /* SceneDelegate.swift */ = {isa = PBXFileReference; lastKnownFileType = sourcecode.swift; path = SceneDelegate.swift; sourceTree = "<group>"; };
		C9E84B8C2B71313C002213D3 /* ViewController.swift */ = {isa = PBXFileReference; lastKnownFileType = sourcecode.swift; path = ViewController.swift; sourceTree = "<group>"; };
		C9E84B8F2B71313C002213D3 /* Base */ = {isa = PBXFileReference; lastKnownFileType = file.storyboard; name = Base; path = Base.lproj/Main.storyboard; sourceTree = "<group>"; };
		C9E84B912B71313D002213D3 /* Assets.xcassets */ = {isa = PBXFileReference; lastKnownFileType = folder.assetcatalog; path = Assets.xcassets; sourceTree = "<group>"; };
		C9E84B942B71313D002213D3 /* Base */ = {isa = PBXFileReference; lastKnownFileType = file.storyboard; name = Base; path = Base.lproj/LaunchScreen.storyboard; sourceTree = "<group>"; };
		C9E84B962B71313D002213D3 /* Info.plist */ = {isa = PBXFileReference; lastKnownFileType = text.plist.xml; path = Info.plist; sourceTree = "<group>"; };
/* End PBXFileReference section */

/* Begin PBXFrameworksBuildPhase section */
		C9E84B822B71313C002213D3 /* Frameworks */ = {
			isa = PBXFrameworksBuildPhase;
			buildActionMask = 2147483647;
			files = (
			);
			runOnlyForDeploymentPostprocessing = 0;
		};
/* End PBXFrameworksBuildPhase section */

/* Begin PBXGroup section */
		C9E84B7C2B71313C002213D3 = {
			isa = PBXGroup;
			children = (
				C9E84B872B71313C002213D3 /* Audio_haptic_testing_app */,
				C9E84B862B71313C002213D3 /* Products */,
			);
			sourceTree = "<group>";
		};
		C9E84B862B71313C002213D3 /* Products */ = {
			isa = PBXGroup;
			children = (
				C9E84B852B71313C002213D3 /* Audio_haptic_testing_app.app */,
			);
			name = Products;
			sourceTree = "<group>";
		};
		C9E84B872B71313C002213D3 /* Audio_haptic_testing_app */ = {
			isa = PBXGroup;
			children = (
				C9E84B9C2B71347B002213D3 /* Sound */,
				C9E84B882B71313C002213D3 /* AppDelegate.swift */,
				C9E84B8A2B71313C002213D3 /* SceneDelegate.swift */,
				C9E84B8C2B71313C002213D3 /* ViewController.swift */,
				C9E84B8E2B71313C002213D3 /* Main.storyboard */,
				C9E84B912B71313D002213D3 /* Assets.xcassets */,
				C9E84B932B71313D002213D3 /* LaunchScreen.storyboard */,
				C9E84B962B71313D002213D3 /* Info.plist */,
			);
			path = Audio_haptic_testing_app;
			sourceTree = "<group>";
		};
		C9E84B9C2B71347B002213D3 /* Sound */ = {
			isa = PBXGroup;
			children = (
				C9C6E9E22B736AB30063BB84 /* Sound_RecieveMessage01.mp3 */,
				C9C6E9E42B736AB30063BB84 /* Sound_RecieveMessage02.mp3 */,
				C9C6E9E32B736AB30063BB84 /* Sound_RecieveMessage03.mp3 */,
				C9C6E9DE2B7369C20063BB84 /* Sound_SendMessage01_Compressed.mp3 */,
				C9C6E9E02B7369C90063BB84 /* Sound_SendMessage03_Compressed.mp3 */,
				C9C6E9EA2B73B1280063BB84 /* AddToChat_Check.mp3 */,
				C9C6E9EC2B73B12F0063BB84 /* AddToChat_UnCheck.mp3 */,
				C9C6E9DC2B735E420063BB84 /* SelectButton_simple.mp3 */,
				C9C6E9E82B736D4C0063BB84 /* SelectButton_simple02.mp3 */,
				C9C6E9DA2B735C810063BB84 /* NextButton_Compressed.mp3 */,
				C9650A252B7298000067C44A /* RenameGroup02.mp3 */,
				C9650A232B7297700067C44A /* RenameGroup01.mp3 */,
				C983F1402B7211D8003B62CE /* Zoom_Click_3rdVersion.mp3 */,
				C9E62C092B716EF800B976E6 /* Zoom_Click_2ndVersion.mp3 */,
			);
			path = Sound;
			sourceTree = "<group>";
		};
/* End PBXGroup section */

/* Begin PBXNativeTarget section */
		C9E84B842B71313C002213D3 /* Audio_haptic_testing_app */ = {
			isa = PBXNativeTarget;
			buildConfigurationList = C9E84B992B71313D002213D3 /* Build configuration list for PBXNativeTarget "Audio_haptic_testing_app" */;
			buildPhases = (
				C9E84B812B71313C002213D3 /* Sources */,
				C9E84B822B71313C002213D3 /* Frameworks */,
				C9E84B832B71313C002213D3 /* Resources */,
			);
			buildRules = (
			);
			dependencies = (
			);
			name = Audio_haptic_testing_app;
			productName = Audio_haptic_testing_app;
			productReference = C9E84B852B71313C002213D3 /* Audio_haptic_testing_app.app */;
			productType = "com.apple.product-type.application";
		};
/* End PBXNativeTarget section */

/* Begin PBXProject section */
		C9E84B7D2B71313C002213D3 /* Project object */ = {
			isa = PBXProject;
			attributes = {
				BuildIndependentTargetsInParallel = 1;
				LastSwiftUpdateCheck = 1520;
				LastUpgradeCheck = 1520;
				TargetAttributes = {
					C9E84B842B71313C002213D3 = {
						CreatedOnToolsVersion = 15.2;
					};
				};
			};
			buildConfigurationList = C9E84B802B71313C002213D3 /* Build configuration list for PBXProject "Audio_haptic_testing_app" */;
			compatibilityVersion = "Xcode 14.0";
			developmentRegion = en;
			hasScannedForEncodings = 0;
			knownRegions = (
				en,
				Base,
			);
			mainGroup = C9E84B7C2B71313C002213D3;
			productRefGroup = C9E84B862B71313C002213D3 /* Products */;
			projectDirPath = "";
			projectRoot = "";
			targets = (
				C9E84B842B71313C002213D3 /* Audio_haptic_testing_app */,
			);
		};
/* End PBXProject section */

/* Begin PBXResourcesBuildPhase section */
		C9E84B832B71313C002213D3 /* Resources */ = {
			isa = PBXResourcesBuildPhase;
			buildActionMask = 2147483647;
			files = (
				C9650A262B7298000067C44A /* RenameGroup02.mp3 in Resources */,
				C9E84B952B71313D002213D3 /* LaunchScreen.storyboard in Resources */,
				C9C6E9E62B736AB30063BB84 /* Sound_RecieveMessage03.mp3 in Resources */,
				C9C6E9DD2B735E420063BB84 /* SelectButton_simple.mp3 in Resources */,
				C9C6E9ED2B73B12F0063BB84 /* AddToChat_UnCheck.mp3 in Resources */,
				C9C6E9E12B7369C90063BB84 /* Sound_SendMessage03_Compressed.mp3 in Resources */,
				C983F1412B7211D8003B62CE /* Zoom_Click_3rdVersion.mp3 in Resources */,
				C9C6E9E52B736AB30063BB84 /* Sound_RecieveMessage01.mp3 in Resources */,
				C9C6E9DF2B7369C20063BB84 /* Sound_SendMessage01_Compressed.mp3 in Resources */,
				C9E84B922B71313D002213D3 /* Assets.xcassets in Resources */,
				C9650A242B7297700067C44A /* RenameGroup01.mp3 in Resources */,
				C9C6E9EB2B73B1280063BB84 /* AddToChat_Check.mp3 in Resources */,
				C9E62C0A2B716EF800B976E6 /* Zoom_Click_2ndVersion.mp3 in Resources */,
				C9C6E9DB2B735C810063BB84 /* NextButton_Compressed.mp3 in Resources */,
				C9C6E9E72B736AB30063BB84 /* Sound_RecieveMessage02.mp3 in Resources */,
				C9E84B902B71313C002213D3 /* Main.storyboard in Resources */,
				C9C6E9E92B736D4C0063BB84 /* SelectButton_simple02.mp3 in Resources */,
			);
			runOnlyForDeploymentPostprocessing = 0;
		};
/* End PBXResourcesBuildPhase section */

/* Begin PBXSourcesBuildPhase section */
		C9E84B812B71313C002213D3 /* Sources */ = {
			isa = PBXSourcesBuildPhase;
			buildActionMask = 2147483647;
			files = (
				C9E84B8D2B71313C002213D3 /* ViewController.swift in Sources */,
				C9E84B892B71313C002213D3 /* AppDelegate.swift in Sources */,
				C9E84B8B2B71313C002213D3 /* SceneDelegate.swift in Sources */,
			);
			runOnlyForDeploymentPostprocessing = 0;
		};
/* End PBXSourcesBuildPhase section */

/* Begin PBXVariantGroup section */
		C9E84B8E2B71313C002213D3 /* Main.storyboard */ = {
			isa = PBXVariantGroup;
			children = (
				C9E84B8F2B71313C002213D3 /* Base */,
			);
			name = Main.storyboard;
			sourceTree = "<group>";
		};
		C9E84B932B71313D002213D3 /* LaunchScreen.storyboard */ = {
			isa = PBXVariantGroup;
			children = (
				C9E84B942B71313D002213D3 /* Base */,
			);
			name = LaunchScreen.storyboard;
			sourceTree = "<group>";
		};
/* End PBXVariantGroup section */

/* Begin XCBuildConfiguration section */
		C9E84B972B71313D002213D3 /* Debug */ = {
			isa = XCBuildConfiguration;
			buildSettings = {
				ALWAYS_SEARCH_USER_PATHS = NO;
				ASSETCATALOG_COMPILER_GENERATE_SWIFT_ASSET_SYMBOL_EXTENSIONS = YES;
				CLANG_ANALYZER_NONNULL = YES;
				CLANG_ANALYZER_NUMBER_OBJECT_CONVERSION = YES_AGGRESSIVE;
				CLANG_CXX_LANGUAGE_STANDARD = "gnu++20";
				CLANG_ENABLE_MODULES = YES;
				CLANG_ENABLE_OBJC_ARC = YES;
				CLANG_ENABLE_OBJC_WEAK = YES;
				CLANG_WARN_BLOCK_CAPTURE_AUTORELEASING = YES;
				CLANG_WARN_BOOL_CONVERSION = YES;
				CLANG_WARN_COMMA = YES;
				CLANG_WARN_CONSTANT_CONVERSION = YES;
				CLANG_WARN_DEPRECATED_OBJC_IMPLEMENTATIONS = YES;
				CLANG_WARN_DIRECT_OBJC_ISA_USAGE = YES_ERROR;
				CLANG_WARN_DOCUMENTATION_COMMENTS = YES;
				CLANG_WARN_EMPTY_BODY = YES;
				CLANG_WARN_ENUM_CONVERSION = YES;
				CLANG_WARN_INFINITE_RECURSION = YES;
				CLANG_WARN_INT_CONVERSION = YES;
				CLANG_WARN_NON_LITERAL_NULL_CONVERSION = YES;
				CLANG_WARN_OBJC_IMPLICIT_RETAIN_SELF = YES;
				CLANG_WARN_OBJC_LITERAL_CONVERSION = YES;
				CLANG_WARN_OBJC_ROOT_CLASS = YES_ERROR;
				CLANG_WARN_QUOTED_INCLUDE_IN_FRAMEWORK_HEADER = YES;
				CLANG_WARN_RANGE_LOOP_ANALYSIS = YES;
				CLANG_WARN_STRICT_PROTOTYPES = YES;
				CLANG_WARN_SUSPICIOUS_MOVE = YES;
				CLANG_WARN_UNGUARDED_AVAILABILITY = YES_AGGRESSIVE;
				CLANG_WARN_UNREACHABLE_CODE = YES;
				CLANG_WARN__DUPLICATE_METHOD_MATCH = YES;
				COPY_PHASE_STRIP = NO;
				DEBUG_INFORMATION_FORMAT = dwarf;
				ENABLE_STRICT_OBJC_MSGSEND = YES;
				ENABLE_TESTABILITY = YES;
				ENABLE_USER_SCRIPT_SANDBOXING = YES;
				GCC_C_LANGUAGE_STANDARD = gnu17;
				GCC_DYNAMIC_NO_PIC = NO;
				GCC_NO_COMMON_BLOCKS = YES;
				GCC_OPTIMIZATION_LEVEL = 0;
				GCC_PREPROCESSOR_DEFINITIONS = (
					"DEBUG=1",
					"$(inherited)",
				);
				GCC_WARN_64_TO_32_BIT_CONVERSION = YES;
				GCC_WARN_ABOUT_RETURN_TYPE = YES_ERROR;
				GCC_WARN_UNDECLARED_SELECTOR = YES;
				GCC_WARN_UNINITIALIZED_AUTOS = YES_AGGRESSIVE;
				GCC_WARN_UNUSED_FUNCTION = YES;
				GCC_WARN_UNUSED_VARIABLE = YES;
				IPHONEOS_DEPLOYMENT_TARGET = 17.2;
				LOCALIZATION_PREFERS_STRING_CATALOGS = YES;
				MTL_ENABLE_DEBUG_INFO = INCLUDE_SOURCE;
				MTL_FAST_MATH = YES;
				ONLY_ACTIVE_ARCH = YES;
				SDKROOT = iphoneos;
				SWIFT_ACTIVE_COMPILATION_CONDITIONS = "DEBUG $(inherited)";
				SWIFT_OPTIMIZATION_LEVEL = "-Onone";
			};
			name = Debug;
		};
		C9E84B982B71313D002213D3 /* Release */ = {
			isa = XCBuildConfiguration;
			buildSettings = {
				ALWAYS_SEARCH_USER_PATHS = NO;
				ASSETCATALOG_COMPILER_GENERATE_SWIFT_ASSET_SYMBOL_EXTENSIONS = YES;
				CLANG_ANALYZER_NONNULL = YES;
				CLANG_ANALYZER_NUMBER_OBJECT_CONVERSION = YES_AGGRESSIVE;
				CLANG_CXX_LANGUAGE_STANDARD = "gnu++20";
				CLANG_ENABLE_MODULES = YES;
				CLANG_ENABLE_OBJC_ARC = YES;
				CLANG_ENABLE_OBJC_WEAK = YES;
				CLANG_WARN_BLOCK_CAPTURE_AUTORELEASING = YES;
				CLANG_WARN_BOOL_CONVERSION = YES;
				CLANG_WARN_COMMA = YES;
				CLANG_WARN_CONSTANT_CONVERSION = YES;
				CLANG_WARN_DEPRECATED_OBJC_IMPLEMENTATIONS = YES;
				CLANG_WARN_DIRECT_OBJC_ISA_USAGE = YES_ERROR;
				CLANG_WARN_DOCUMENTATION_COMMENTS = YES;
				CLANG_WARN_EMPTY_BODY = YES;
				CLANG_WARN_ENUM_CONVERSION = YES;
				CLANG_WARN_INFINITE_RECURSION = YES;
				CLANG_WARN_INT_CONVERSION = YES;
				CLANG_WARN_NON_LITERAL_NULL_CONVERSION = YES;
				CLANG_WARN_OBJC_IMPLICIT_RETAIN_SELF = YES;
				CLANG_WARN_OBJC_LITERAL_CONVERSION = YES;
				CLANG_WARN_OBJC_ROOT_CLASS = YES_ERROR;
				CLANG_WARN_QUOTED_INCLUDE_IN_FRAMEWORK_HEADER = YES;
				CLANG_WARN_RANGE_LOOP_ANALYSIS = YES;
				CLANG_WARN_STRICT_PROTOTYPES = YES;
				CLANG_WARN_SUSPICIOUS_MOVE = YES;
				CLANG_WARN_UNGUARDED_AVAILABILITY = YES_AGGRESSIVE;
				CLANG_WARN_UNREACHABLE_CODE = YES;
				CLANG_WARN__DUPLICATE_METHOD_MATCH = YES;
				COPY_PHASE_STRIP = NO;
				DEBUG_INFORMATION_FORMAT = "dwarf-with-dsym";
				ENABLE_NS_ASSERTIONS = NO;
				ENABLE_STRICT_OBJC_MSGSEND = YES;
				ENABLE_USER_SCRIPT_SANDBOXING = YES;
				GCC_C_LANGUAGE_STANDARD = gnu17;
				GCC_NO_COMMON_BLOCKS = YES;
				GCC_WARN_64_TO_32_BIT_CONVERSION = YES;
				GCC_WARN_ABOUT_RETURN_TYPE = YES_ERROR;
				GCC_WARN_UNDECLARED_SELECTOR = YES;
				GCC_WARN_UNINITIALIZED_AUTOS = YES_AGGRESSIVE;
				GCC_WARN_UNUSED_FUNCTION = YES;
				GCC_WARN_UNUSED_VARIABLE = YES;
				IPHONEOS_DEPLOYMENT_TARGET = 17.2;
				LOCALIZATION_PREFERS_STRING_CATALOGS = YES;
				MTL_ENABLE_DEBUG_INFO = NO;
				MTL_FAST_MATH = YES;
				SDKROOT = iphoneos;
				SWIFT_COMPILATION_MODE = wholemodule;
				VALIDATE_PRODUCT = YES;
			};
			name = Release;
		};
		C9E84B9A2B71313D002213D3 /* Debug */ = {
			isa = XCBuildConfiguration;
			buildSettings = {
				ASSETCATALOG_COMPILER_APPICON_NAME = AppIcon;
				ASSETCATALOG_COMPILER_GLOBAL_ACCENT_COLOR_NAME = AccentColor;
				CODE_SIGN_STYLE = Automatic;
				CURRENT_PROJECT_VERSION = 1;
				DEVELOPMENT_TEAM = N59HG6ZX72;
				GENERATE_INFOPLIST_FILE = YES;
				INFOPLIST_FILE = Audio_haptic_testing_app/Info.plist;
				INFOPLIST_KEY_UIApplicationSupportsIndirectInputEvents = YES;
				INFOPLIST_KEY_UILaunchStoryboardName = LaunchScreen;
				INFOPLIST_KEY_UIMainStoryboardFile = Main;
				INFOPLIST_KEY_UISupportedInterfaceOrientations = UIInterfaceOrientationPortrait;
				INFOPLIST_KEY_UISupportedInterfaceOrientations_iPad = "UIInterfaceOrientationLandscapeLeft UIInterfaceOrientationLandscapeRight UIInterfaceOrientationPortrait UIInterfaceOrientationPortraitUpsideDown";
				LD_RUNPATH_SEARCH_PATHS = (
					"$(inherited)",
					"@executable_path/Frameworks",
				);
				MARKETING_VERSION = 1.0;
				PRODUCT_BUNDLE_IDENTIFIER = "com.benjaminkallestein.Audio-haptic-testing-app";
				PRODUCT_NAME = "$(TARGET_NAME)";
				SWIFT_EMIT_LOC_STRINGS = YES;
				SWIFT_VERSION = 5.0;
				TARGETED_DEVICE_FAMILY = "1,2";
			};
			name = Debug;
		};
		C9E84B9B2B71313D002213D3 /* Release */ = {
			isa = XCBuildConfiguration;
			buildSettings = {
				ASSETCATALOG_COMPILER_APPICON_NAME = AppIcon;
				ASSETCATALOG_COMPILER_GLOBAL_ACCENT_COLOR_NAME = AccentColor;
				CODE_SIGN_STYLE = Automatic;
				CURRENT_PROJECT_VERSION = 1;
				DEVELOPMENT_TEAM = N59HG6ZX72;
				GENERATE_INFOPLIST_FILE = YES;
				INFOPLIST_FILE = Audio_haptic_testing_app/Info.plist;
				INFOPLIST_KEY_UIApplicationSupportsIndirectInputEvents = YES;
				INFOPLIST_KEY_UILaunchStoryboardName = LaunchScreen;
				INFOPLIST_KEY_UIMainStoryboardFile = Main;
				INFOPLIST_KEY_UISupportedInterfaceOrientations = UIInterfaceOrientationPortrait;
				INFOPLIST_KEY_UISupportedInterfaceOrientations_iPad = "UIInterfaceOrientationLandscapeLeft UIInterfaceOrientationLandscapeRight UIInterfaceOrientationPortrait UIInterfaceOrientationPortraitUpsideDown";
				LD_RUNPATH_SEARCH_PATHS = (
					"$(inherited)",
					"@executable_path/Frameworks",
				);
				MARKETING_VERSION = 1.0;
				PRODUCT_BUNDLE_IDENTIFIER = "com.benjaminkallestein.Audio-haptic-testing-app";
				PRODUCT_NAME = "$(TARGET_NAME)";
				SWIFT_EMIT_LOC_STRINGS = YES;
				SWIFT_VERSION = 5.0;
				TARGETED_DEVICE_FAMILY = "1,2";
			};
			name = Release;
		};
/* End XCBuildConfiguration section */

/* Begin XCConfigurationList section */
		C9E84B802B71313C002213D3 /* Build configuration list for PBXProject "Audio_haptic_testing_app" */ = {
			isa = XCConfigurationList;
			buildConfigurations = (
				C9E84B972B71313D002213D3 /* Debug */,
				C9E84B982B71313D002213D3 /* Release */,
			);
			defaultConfigurationIsVisible = 0;
			defaultConfigurationName = Release;
		};
		C9E84B992B71313D002213D3 /* Build configuration list for PBXNativeTarget "Audio_haptic_testing_app" */ = {
			isa = XCConfigurationList;
			buildConfigurations = (
				C9E84B9A2B71313D002213D3 /* Debug */,
				C9E84B9B2B71313D002213D3 /* Release */,
			);
			defaultConfigurationIsVisible = 0;
			defaultConfigurationName = Release;
		};
/* End XCConfigurationList section */
	};
	rootObject = C9E84B7D2B71313C002213D3 /* Project object */;
}
